<?xml version="1.0" encoding="utf-8"?>
<Project ToolsVersion="4.0" xmlns="http://schemas.microsoft.com/developer/msbuild/2003">
  <ItemGroup>
    <ClCompile Include="Main.cpp" />
    <ClCompile Include="tinyxml\tinyxmlerror.cpp">
      <Filter>tinyxml</Filter>
    </ClCompile>
    <ClCompile Include="tinyxml\tinystr.cpp">
      <Filter>tinyxml</Filter>
    </ClCompile>
    <ClCompile Include="tinyxml\tinyxml.cpp">
      <Filter>tinyxml</Filter>
    </ClCompile>
    <ClCompile Include="tinyxml\tinyxmlparser.cpp">
      <Filter>tinyxml</Filter>
    </ClCompile>
  </ItemGroup>
  <ItemGroup>
    <Filter Include="tinyxml">
      <UniqueIdentifier>{d02616f4-744f-49df-bb20-35aa18183b62}</UniqueIdentifier>
    </Filter>
  </ItemGroup>
</Project>